// !$*UTF8*$!
{
	archiveVersion = 1;
	classes = {
	};
	objectVersion = 51;
	objects = {

/* Begin PBXBuildFile section */
		170BB8AA2483FFA300C4C079 /* AppDelegate.swift in Sources */ = {isa = PBXBuildFile; fileRef = 170BB8A92483FFA300C4C079 /* AppDelegate.swift */; };
		170BB8B32483FFA400C4C079 /* Assets.xcassets in Resources */ = {isa = PBXBuildFile; fileRef = 170BB8B22483FFA400C4C079 /* Assets.xcassets */; };
		170BB8B62483FFA400C4C079 /* LaunchScreen.storyboard in Resources */ = {isa = PBXBuildFile; fileRef = 170BB8B42483FFA400C4C079 /* LaunchScreen.storyboard */; };
		170BB8C12483FFA500C4C079 /* EstRougeAssignmentTests.swift in Sources */ = {isa = PBXBuildFile; fileRef = 170BB8C02483FFA500C4C079 /* EstRougeAssignmentTests.swift */; };
		170BB8CF2484116000C4C079 /* UserListViewController.swift in Sources */ = {isa = PBXBuildFile; fileRef = 170BB8CD2484116000C4C079 /* UserListViewController.swift */; };
		170BB8D02484116000C4C079 /* UserListViewController.swift in Sources */ = {isa = PBXBuildFile; fileRef = 170BB8CD2484116000C4C079 /* UserListViewController.swift */; };
		170BB8D12484116000C4C079 /* UserListViewController.xib in Resources */ = {isa = PBXBuildFile; fileRef = 170BB8CE2484116000C4C079 /* UserListViewController.xib */; };
		170BB8D22484116000C4C079 /* UserListViewController.xib in Resources */ = {isa = PBXBuildFile; fileRef = 170BB8CE2484116000C4C079 /* UserListViewController.xib */; };
		170BB8D4248412C700C4C079 /* UserListViewModel.swift in Sources */ = {isa = PBXBuildFile; fileRef = 170BB8D3248412C700C4C079 /* UserListViewModel.swift */; };
		170BB8D5248412C700C4C079 /* UserListViewModel.swift in Sources */ = {isa = PBXBuildFile; fileRef = 170BB8D3248412C700C4C079 /* UserListViewModel.swift */; };
		170BB8D92484139400C4C079 /* UserTableViewCell.swift in Sources */ = {isa = PBXBuildFile; fileRef = 170BB8D72484139400C4C079 /* UserTableViewCell.swift */; };
		170BB8DA2484139400C4C079 /* UserTableViewCell.swift in Sources */ = {isa = PBXBuildFile; fileRef = 170BB8D72484139400C4C079 /* UserTableViewCell.swift */; };
		170BB8DB2484139400C4C079 /* UserTableViewCell.xib in Resources */ = {isa = PBXBuildFile; fileRef = 170BB8D82484139400C4C079 /* UserTableViewCell.xib */; };
		170BB8DC2484139400C4C079 /* UserTableViewCell.xib in Resources */ = {isa = PBXBuildFile; fileRef = 170BB8D82484139400C4C079 /* UserTableViewCell.xib */; };
		170BB8E6248424C500C4C079 /* User.swift in Sources */ = {isa = PBXBuildFile; fileRef = 170BB8E5248424C500C4C079 /* User.swift */; };
		170BB8E7248424C500C4C079 /* User.swift in Sources */ = {isa = PBXBuildFile; fileRef = 170BB8E5248424C500C4C079 /* User.swift */; };
		170BB8E9248427E500C4C079 /* UserTarget.swift in Sources */ = {isa = PBXBuildFile; fileRef = 170BB8E8248427E500C4C079 /* UserTarget.swift */; };
		170BB8EA248427E500C4C079 /* UserTarget.swift in Sources */ = {isa = PBXBuildFile; fileRef = 170BB8E8248427E500C4C079 /* UserTarget.swift */; };
		170BB8EC24842C8600C4C079 /* UserService.swift in Sources */ = {isa = PBXBuildFile; fileRef = 170BB8EB24842C8600C4C079 /* UserService.swift */; };
		170BB8ED24842C8600C4C079 /* UserService.swift in Sources */ = {isa = PBXBuildFile; fileRef = 170BB8EB24842C8600C4C079 /* UserService.swift */; };
		20BD7B4995036846E4F5B7E1 /* Pods_EstRougeAssignmentTests.framework in Frameworks */ = {isa = PBXBuildFile; fileRef = 20E83A8BCBA53FC097C5A89C /* Pods_EstRougeAssignmentTests.framework */; };
		99740D29071B3E43DDC45217 /* Pods_EstRougeAssignment.framework in Frameworks */ = {isa = PBXBuildFile; fileRef = 051DE4A7ECE66BA0ABCE87AA /* Pods_EstRougeAssignment.framework */; };
/* End PBXBuildFile section */

/* Begin PBXContainerItemProxy section */
		170BB8BD2483FFA400C4C079 /* PBXContainerItemProxy */ = {
			isa = PBXContainerItemProxy;
			containerPortal = 170BB89E2483FFA300C4C079 /* Project object */;
			proxyType = 1;
			remoteGlobalIDString = 170BB8A52483FFA300C4C079;
			remoteInfo = EstRougeAssignment;
		};
/* End PBXContainerItemProxy section */

/* Begin PBXFileReference section */
		051DE4A7ECE66BA0ABCE87AA /* Pods_EstRougeAssignment.framework */ = {isa = PBXFileReference; explicitFileType = wrapper.framework; includeInIndex = 0; path = Pods_EstRougeAssignment.framework; sourceTree = BUILT_PRODUCTS_DIR; };
		170BB8A62483FFA300C4C079 /* EstRougeAssignment.app */ = {isa = PBXFileReference; explicitFileType = wrapper.application; includeInIndex = 0; path = EstRougeAssignment.app; sourceTree = BUILT_PRODUCTS_DIR; };
		170BB8A92483FFA300C4C079 /* AppDelegate.swift */ = {isa = PBXFileReference; lastKnownFileType = sourcecode.swift; path = AppDelegate.swift; sourceTree = "<group>"; };
		170BB8B22483FFA400C4C079 /* Assets.xcassets */ = {isa = PBXFileReference; lastKnownFileType = folder.assetcatalog; path = Assets.xcassets; sourceTree = "<group>"; };
		170BB8B52483FFA400C4C079 /* Base */ = {isa = PBXFileReference; lastKnownFileType = file.storyboard; name = Base; path = Base.lproj/LaunchScreen.storyboard; sourceTree = "<group>"; };
		170BB8B72483FFA400C4C079 /* Info.plist */ = {isa = PBXFileReference; lastKnownFileType = text.plist.xml; path = Info.plist; sourceTree = "<group>"; };
		170BB8BC2483FFA400C4C079 /* EstRougeAssignmentTests.xctest */ = {isa = PBXFileReference; explicitFileType = wrapper.cfbundle; includeInIndex = 0; path = EstRougeAssignmentTests.xctest; sourceTree = BUILT_PRODUCTS_DIR; };
		170BB8C02483FFA500C4C079 /* EstRougeAssignmentTests.swift */ = {isa = PBXFileReference; lastKnownFileType = sourcecode.swift; path = EstRougeAssignmentTests.swift; sourceTree = "<group>"; };
		170BB8C22483FFA500C4C079 /* Info.plist */ = {isa = PBXFileReference; lastKnownFileType = text.plist.xml; path = Info.plist; sourceTree = "<group>"; };
		170BB8CD2484116000C4C079 /* UserListViewController.swift */ = {isa = PBXFileReference; lastKnownFileType = sourcecode.swift; path = UserListViewController.swift; sourceTree = "<group>"; };
		170BB8CE2484116000C4C079 /* UserListViewController.xib */ = {isa = PBXFileReference; lastKnownFileType = file.xib; path = UserListViewController.xib; sourceTree = "<group>"; };
		170BB8D3248412C700C4C079 /* UserListViewModel.swift */ = {isa = PBXFileReference; lastKnownFileType = sourcecode.swift; path = UserListViewModel.swift; sourceTree = "<group>"; };
		170BB8D72484139400C4C079 /* UserTableViewCell.swift */ = {isa = PBXFileReference; lastKnownFileType = sourcecode.swift; path = UserTableViewCell.swift; sourceTree = "<group>"; };
		170BB8D82484139400C4C079 /* UserTableViewCell.xib */ = {isa = PBXFileReference; lastKnownFileType = file.xib; path = UserTableViewCell.xib; sourceTree = "<group>"; };
		170BB8E5248424C500C4C079 /* User.swift */ = {isa = PBXFileReference; lastKnownFileType = sourcecode.swift; path = User.swift; sourceTree = "<group>"; };
		170BB8E8248427E500C4C079 /* UserTarget.swift */ = {isa = PBXFileReference; lastKnownFileType = sourcecode.swift; path = UserTarget.swift; sourceTree = "<group>"; };
		170BB8EB24842C8600C4C079 /* UserService.swift */ = {isa = PBXFileReference; lastKnownFileType = sourcecode.swift; path = UserService.swift; sourceTree = "<group>"; };
		171BCC71FAC303BAF072C95A /* Pods-EstRougeAssignment.release.xcconfig */ = {isa = PBXFileReference; includeInIndex = 1; lastKnownFileType = text.xcconfig; name = "Pods-EstRougeAssignment.release.xcconfig"; path = "Target Support Files/Pods-EstRougeAssignment/Pods-EstRougeAssignment.release.xcconfig"; sourceTree = "<group>"; };
		20E83A8BCBA53FC097C5A89C /* Pods_EstRougeAssignmentTests.framework */ = {isa = PBXFileReference; explicitFileType = wrapper.framework; includeInIndex = 0; path = Pods_EstRougeAssignmentTests.framework; sourceTree = BUILT_PRODUCTS_DIR; };
		9C8B5C9CCA4627F8DCB9FBF2 /* Pods-EstRougeAssignmentTests.debug.xcconfig */ = {isa = PBXFileReference; includeInIndex = 1; lastKnownFileType = text.xcconfig; name = "Pods-EstRougeAssignmentTests.debug.xcconfig"; path = "Target Support Files/Pods-EstRougeAssignmentTests/Pods-EstRougeAssignmentTests.debug.xcconfig"; sourceTree = "<group>"; };
		C0B7F85DD9B134C74867F7BD /* Pods-EstRougeAssignmentTests.release.xcconfig */ = {isa = PBXFileReference; includeInIndex = 1; lastKnownFileType = text.xcconfig; name = "Pods-EstRougeAssignmentTests.release.xcconfig"; path = "Target Support Files/Pods-EstRougeAssignmentTests/Pods-EstRougeAssignmentTests.release.xcconfig"; sourceTree = "<group>"; };
		D4EDA1B6AE76A34DCA446711 /* Pods-EstRougeAssignment.debug.xcconfig */ = {isa = PBXFileReference; includeInIndex = 1; lastKnownFileType = text.xcconfig; name = "Pods-EstRougeAssignment.debug.xcconfig"; path = "Target Support Files/Pods-EstRougeAssignment/Pods-EstRougeAssignment.debug.xcconfig"; sourceTree = "<group>"; };
/* End PBXFileReference section */

/* Begin PBXFrameworksBuildPhase section */
		170BB8A32483FFA300C4C079 /* Frameworks */ = {
			isa = PBXFrameworksBuildPhase;
			buildActionMask = 2147483647;
			files = (
				99740D29071B3E43DDC45217 /* Pods_EstRougeAssignment.framework in Frameworks */,
			);
			runOnlyForDeploymentPostprocessing = 0;
		};
		170BB8B92483FFA400C4C079 /* Frameworks */ = {
			isa = PBXFrameworksBuildPhase;
			buildActionMask = 2147483647;
			files = (
				20BD7B4995036846E4F5B7E1 /* Pods_EstRougeAssignmentTests.framework in Frameworks */,
			);
			runOnlyForDeploymentPostprocessing = 0;
		};
/* End PBXFrameworksBuildPhase section */

/* Begin PBXGroup section */
		170BB89D2483FFA300C4C079 = {
			isa = PBXGroup;
			children = (
				170BB8A82483FFA300C4C079 /* EstRougeAssignment */,
				170BB8BF2483FFA500C4C079 /* EstRougeAssignmentTests */,
				170BB8A72483FFA300C4C079 /* Products */,
				DB1A9461C9159EADBB83E208 /* Pods */,
				E1A3E61D431D96FAA9793449 /* Frameworks */,
			);
			sourceTree = "<group>";
		};
		170BB8A72483FFA300C4C079 /* Products */ = {
			isa = PBXGroup;
			children = (
				170BB8A62483FFA300C4C079 /* EstRougeAssignment.app */,
				170BB8BC2483FFA400C4C079 /* EstRougeAssignmentTests.xctest */,
			);
			name = Products;
			sourceTree = "<group>";
		};
		170BB8A82483FFA300C4C079 /* EstRougeAssignment */ = {
			isa = PBXGroup;
			children = (
				170BB8A92483FFA300C4C079 /* AppDelegate.swift */,
				170BB8E32484238B00C4C079 /* Commom */,
				170BB8DD2484139D00C4C079 /* Extension */,
				170BB8CB2484111400C4C079 /* ViewController */,
				170BB8D62484136200C4C079 /* Cell */,
				170BB8E22484235400C4C079 /* Networking */,
				170BB8E42484243600C4C079 /* Model */,
				170BB8B22483FFA400C4C079 /* Assets.xcassets */,
				170BB8B42483FFA400C4C079 /* LaunchScreen.storyboard */,
				170BB8B72483FFA400C4C079 /* Info.plist */,
			);
			path = EstRougeAssignment;
			sourceTree = "<group>";
		};
		170BB8BF2483FFA500C4C079 /* EstRougeAssignmentTests */ = {
			isa = PBXGroup;
			children = (
				170BB8C02483FFA500C4C079 /* EstRougeAssignmentTests.swift */,
				170BB8C22483FFA500C4C079 /* Info.plist */,
			);
			path = EstRougeAssignmentTests;
			sourceTree = "<group>";
		};
		170BB8CB2484111400C4C079 /* ViewController */ = {
			isa = PBXGroup;
			children = (
				170BB8CC2484113B00C4C079 /* UserList */,
			);
			path = ViewController;
			sourceTree = "<group>";
		};
		170BB8CC2484113B00C4C079 /* UserList */ = {
			isa = PBXGroup;
			children = (
				170BB8CD2484116000C4C079 /* UserListViewController.swift */,
				170BB8CE2484116000C4C079 /* UserListViewController.xib */,
				170BB8D3248412C700C4C079 /* UserListViewModel.swift */,
			);
			path = UserList;
			sourceTree = "<group>";
		};
		170BB8D62484136200C4C079 /* Cell */ = {
			isa = PBXGroup;
			children = (
				170BB8D72484139400C4C079 /* UserTableViewCell.swift */,
				170BB8D82484139400C4C079 /* UserTableViewCell.xib */,
			);
			path = Cell;
			sourceTree = "<group>";
		};
		170BB8DD2484139D00C4C079 /* Extension */ = {
			isa = PBXGroup;
			children = (
			);
			path = Extension;
			sourceTree = "<group>";
		};
		170BB8E22484235400C4C079 /* Networking */ = {
			isa = PBXGroup;
			children = (
				170BB8E8248427E500C4C079 /* UserTarget.swift */,
				170BB8EB24842C8600C4C079 /* UserService.swift */,
			);
			path = Networking;
			sourceTree = "<group>";
		};
		170BB8E32484238B00C4C079 /* Commom */ = {
			isa = PBXGroup;
			children = (
			);
			path = Commom;
			sourceTree = "<group>";
		};
		170BB8E42484243600C4C079 /* Model */ = {
			isa = PBXGroup;
			children = (
				170BB8E5248424C500C4C079 /* User.swift */,
			);
			path = Model;
			sourceTree = "<group>";
		};
		DB1A9461C9159EADBB83E208 /* Pods */ = {
			isa = PBXGroup;
			children = (
				D4EDA1B6AE76A34DCA446711 /* Pods-EstRougeAssignment.debug.xcconfig */,
				171BCC71FAC303BAF072C95A /* Pods-EstRougeAssignment.release.xcconfig */,
				9C8B5C9CCA4627F8DCB9FBF2 /* Pods-EstRougeAssignmentTests.debug.xcconfig */,
				C0B7F85DD9B134C74867F7BD /* Pods-EstRougeAssignmentTests.release.xcconfig */,
			);
			path = Pods;
			sourceTree = "<group>";
		};
		E1A3E61D431D96FAA9793449 /* Frameworks */ = {
			isa = PBXGroup;
			children = (
				051DE4A7ECE66BA0ABCE87AA /* Pods_EstRougeAssignment.framework */,
				20E83A8BCBA53FC097C5A89C /* Pods_EstRougeAssignmentTests.framework */,
			);
			name = Frameworks;
			sourceTree = "<group>";
		};
/* End PBXGroup section */

/* Begin PBXNativeTarget section */
		170BB8A52483FFA300C4C079 /* EstRougeAssignment */ = {
			isa = PBXNativeTarget;
			buildConfigurationList = 170BB8C52483FFA500C4C079 /* Build configuration list for PBXNativeTarget "EstRougeAssignment" */;
			buildPhases = (
				782F0A48C43DAA0FA5F8661F /* [CP] Check Pods Manifest.lock */,
				170BB8A22483FFA300C4C079 /* Sources */,
				170BB8A32483FFA300C4C079 /* Frameworks */,
				170BB8A42483FFA300C4C079 /* Resources */,
				A3EEA84EA094C2B5289FDCB9 /* [CP] Embed Pods Frameworks */,
			);
			buildRules = (
			);
			dependencies = (
			);
			name = EstRougeAssignment;
			productName = EstRougeAssignment;
			productReference = 170BB8A62483FFA300C4C079 /* EstRougeAssignment.app */;
			productType = "com.apple.product-type.application";
		};
		170BB8BB2483FFA400C4C079 /* EstRougeAssignmentTests */ = {
			isa = PBXNativeTarget;
			buildConfigurationList = 170BB8C82483FFA500C4C079 /* Build configuration list for PBXNativeTarget "EstRougeAssignmentTests" */;
			buildPhases = (
				6B02E61CB57A1267781D322C /* [CP] Check Pods Manifest.lock */,
				170BB8B82483FFA400C4C079 /* Sources */,
				170BB8B92483FFA400C4C079 /* Frameworks */,
				170BB8BA2483FFA400C4C079 /* Resources */,
			);
			buildRules = (
			);
			dependencies = (
				170BB8BE2483FFA400C4C079 /* PBXTargetDependency */,
			);
			name = EstRougeAssignmentTests;
			productName = EstRougeAssignmentTests;
			productReference = 170BB8BC2483FFA400C4C079 /* EstRougeAssignmentTests.xctest */;
			productType = "com.apple.product-type.bundle.unit-test";
		};
/* End PBXNativeTarget section */

/* Begin PBXProject section */
		170BB89E2483FFA300C4C079 /* Project object */ = {
			isa = PBXProject;
			attributes = {
				LastSwiftUpdateCheck = 1150;
				LastUpgradeCheck = 1150;
				ORGANIZATIONNAME = "Huy Tong";
				TargetAttributes = {
					170BB8A52483FFA300C4C079 = {
						CreatedOnToolsVersion = 11.5;
					};
					170BB8BB2483FFA400C4C079 = {
						CreatedOnToolsVersion = 11.5;
						TestTargetID = 170BB8A52483FFA300C4C079;
					};
				};
			};
			buildConfigurationList = 170BB8A12483FFA300C4C079 /* Build configuration list for PBXProject "EstRougeAssignment" */;
			compatibilityVersion = "Xcode 9.3";
			developmentRegion = en;
			hasScannedForEncodings = 0;
			knownRegions = (
				en,
				Base,
			);
			mainGroup = 170BB89D2483FFA300C4C079;
			productRefGroup = 170BB8A72483FFA300C4C079 /* Products */;
			projectDirPath = "";
			projectRoot = "";
			targets = (
				170BB8A52483FFA300C4C079 /* EstRougeAssignment */,
				170BB8BB2483FFA400C4C079 /* EstRougeAssignmentTests */,
			);
		};
/* End PBXProject section */

/* Begin PBXResourcesBuildPhase section */
		170BB8A42483FFA300C4C079 /* Resources */ = {
			isa = PBXResourcesBuildPhase;
			buildActionMask = 2147483647;
			files = (
				170BB8DB2484139400C4C079 /* UserTableViewCell.xib in Resources */,
				170BB8B62483FFA400C4C079 /* LaunchScreen.storyboard in Resources */,
				170BB8D12484116000C4C079 /* UserListViewController.xib in Resources */,
				170BB8B32483FFA400C4C079 /* Assets.xcassets in Resources */,
			);
			runOnlyForDeploymentPostprocessing = 0;
		};
		170BB8BA2483FFA400C4C079 /* Resources */ = {
			isa = PBXResourcesBuildPhase;
			buildActionMask = 2147483647;
			files = (
				170BB8DC2484139400C4C079 /* UserTableViewCell.xib in Resources */,
				170BB8D22484116000C4C079 /* UserListViewController.xib in Resources */,
			);
			runOnlyForDeploymentPostprocessing = 0;
		};
/* End PBXResourcesBuildPhase section */

/* Begin PBXShellScriptBuildPhase section */
		6B02E61CB57A1267781D322C /* [CP] Check Pods Manifest.lock */ = {
			isa = PBXShellScriptBuildPhase;
			buildActionMask = 2147483647;
			files = (
			);
			inputFileListPaths = (
			);
			inputPaths = (
				"${PODS_PODFILE_DIR_PATH}/Podfile.lock",
				"${PODS_ROOT}/Manifest.lock",
			);
			name = "[CP] Check Pods Manifest.lock";
			outputFileListPaths = (
			);
			outputPaths = (
				"$(DERIVED_FILE_DIR)/Pods-EstRougeAssignmentTests-checkManifestLockResult.txt",
			);
			runOnlyForDeploymentPostprocessing = 0;
			shellPath = /bin/sh;
			shellScript = "diff \"${PODS_PODFILE_DIR_PATH}/Podfile.lock\" \"${PODS_ROOT}/Manifest.lock\" > /dev/null\nif [ $? != 0 ] ; then\n    # print error to STDERR\n    echo \"error: The sandbox is not in sync with the Podfile.lock. Run 'pod install' or update your CocoaPods installation.\" >&2\n    exit 1\nfi\n# This output is used by Xcode 'outputs' to avoid re-running this script phase.\necho \"SUCCESS\" > \"${SCRIPT_OUTPUT_FILE_0}\"\n";
			showEnvVarsInLog = 0;
		};
		782F0A48C43DAA0FA5F8661F /* [CP] Check Pods Manifest.lock */ = {
			isa = PBXShellScriptBuildPhase;
			buildActionMask = 2147483647;
			files = (
			);
			inputFileListPaths = (
			);
			inputPaths = (
				"${PODS_PODFILE_DIR_PATH}/Podfile.lock",
				"${PODS_ROOT}/Manifest.lock",
			);
			name = "[CP] Check Pods Manifest.lock";
			outputFileListPaths = (
			);
			outputPaths = (
				"$(DERIVED_FILE_DIR)/Pods-EstRougeAssignment-checkManifestLockResult.txt",
			);
			runOnlyForDeploymentPostprocessing = 0;
			shellPath = /bin/sh;
			shellScript = "diff \"${PODS_PODFILE_DIR_PATH}/Podfile.lock\" \"${PODS_ROOT}/Manifest.lock\" > /dev/null\nif [ $? != 0 ] ; then\n    # print error to STDERR\n    echo \"error: The sandbox is not in sync with the Podfile.lock. Run 'pod install' or update your CocoaPods installation.\" >&2\n    exit 1\nfi\n# This output is used by Xcode 'outputs' to avoid re-running this script phase.\necho \"SUCCESS\" > \"${SCRIPT_OUTPUT_FILE_0}\"\n";
			showEnvVarsInLog = 0;
		};
		A3EEA84EA094C2B5289FDCB9 /* [CP] Embed Pods Frameworks */ = {
			isa = PBXShellScriptBuildPhase;
			buildActionMask = 2147483647;
			files = (
			);
			inputFileListPaths = (
				"${PODS_ROOT}/Target Support Files/Pods-EstRougeAssignment/Pods-EstRougeAssignment-frameworks-${CONFIGURATION}-input-files.xcfilelist",
			);
			name = "[CP] Embed Pods Frameworks";
			outputFileListPaths = (
				"${PODS_ROOT}/Target Support Files/Pods-EstRougeAssignment/Pods-EstRougeAssignment-frameworks-${CONFIGURATION}-output-files.xcfilelist",
			);
			runOnlyForDeploymentPostprocessing = 0;
			shellPath = /bin/sh;
			shellScript = "\"${PODS_ROOT}/Target Support Files/Pods-EstRougeAssignment/Pods-EstRougeAssignment-frameworks.sh\"\n";
			showEnvVarsInLog = 0;
		};
/* End PBXShellScriptBuildPhase section */

/* Begin PBXSourcesBuildPhase section */
		170BB8A22483FFA300C4C079 /* Sources */ = {
			isa = PBXSourcesBuildPhase;
			buildActionMask = 2147483647;
			files = (
				170BB8EC24842C8600C4C079 /* UserService.swift in Sources */,
				170BB8D92484139400C4C079 /* UserTableViewCell.swift in Sources */,
				170BB8E6248424C500C4C079 /* User.swift in Sources */,
				170BB8E9248427E500C4C079 /* UserTarget.swift in Sources */,
				170BB8AA2483FFA300C4C079 /* AppDelegate.swift in Sources */,
				170BB8D4248412C700C4C079 /* UserListViewModel.swift in Sources */,
				170BB8CF2484116000C4C079 /* UserListViewController.swift in Sources */,
			);
			runOnlyForDeploymentPostprocessing = 0;
		};
		170BB8B82483FFA400C4C079 /* Sources */ = {
			isa = PBXSourcesBuildPhase;
			buildActionMask = 2147483647;
			files = (
				170BB8ED24842C8600C4C079 /* UserService.swift in Sources */,
				170BB8DA2484139400C4C079 /* UserTableViewCell.swift in Sources */,
				170BB8E7248424C500C4C079 /* User.swift in Sources */,
				170BB8EA248427E500C4C079 /* UserTarget.swift in Sources */,
				170BB8C12483FFA500C4C079 /* EstRougeAssignmentTests.swift in Sources */,
				170BB8D5248412C700C4C079 /* UserListViewModel.swift in Sources */,
				170BB8D02484116000C4C079 /* UserListViewController.swift in Sources */,
			);
			runOnlyForDeploymentPostprocessing = 0;
		};
/* End PBXSourcesBuildPhase section */

/* Begin PBXTargetDependency section */
		170BB8BE2483FFA400C4C079 /* PBXTargetDependency */ = {
			isa = PBXTargetDependency;
			target = 170BB8A52483FFA300C4C079 /* EstRougeAssignment */;
			targetProxy = 170BB8BD2483FFA400C4C079 /* PBXContainerItemProxy */;
		};
/* End PBXTargetDependency section */

/* Begin PBXVariantGroup section */
		170BB8B42483FFA400C4C079 /* LaunchScreen.storyboard */ = {
			isa = PBXVariantGroup;
			children = (
				170BB8B52483FFA400C4C079 /* Base */,
			);
			name = LaunchScreen.storyboard;
			sourceTree = "<group>";
		};
/* End PBXVariantGroup section */

/* Begin XCBuildConfiguration section */
		170BB8C32483FFA500C4C079 /* Debug */ = {
			isa = XCBuildConfiguration;
			buildSettings = {
				ALWAYS_SEARCH_USER_PATHS = NO;
				CLANG_ANALYZER_NONNULL = YES;
				CLANG_ANALYZER_NUMBER_OBJECT_CONVERSION = YES_AGGRESSIVE;
				CLANG_CXX_LANGUAGE_STANDARD = "gnu++14";
				CLANG_CXX_LIBRARY = "libc++";
				CLANG_ENABLE_MODULES = YES;
				CLANG_ENABLE_OBJC_ARC = YES;
				CLANG_ENABLE_OBJC_WEAK = YES;
				CLANG_WARN_BLOCK_CAPTURE_AUTORELEASING = YES;
				CLANG_WARN_BOOL_CONVERSION = YES;
				CLANG_WARN_COMMA = YES;
				CLANG_WARN_CONSTANT_CONVERSION = YES;
				CLANG_WARN_DEPRECATED_OBJC_IMPLEMENTATIONS = YES;
				CLANG_WARN_DIRECT_OBJC_ISA_USAGE = YES_ERROR;
				CLANG_WARN_DOCUMENTATION_COMMENTS = YES;
				CLANG_WARN_EMPTY_BODY = YES;
				CLANG_WARN_ENUM_CONVERSION = YES;
				CLANG_WARN_INFINITE_RECURSION = YES;
				CLANG_WARN_INT_CONVERSION = YES;
				CLANG_WARN_NON_LITERAL_NULL_CONVERSION = YES;
				CLANG_WARN_OBJC_IMPLICIT_RETAIN_SELF = YES;
				CLANG_WARN_OBJC_LITERAL_CONVERSION = YES;
				CLANG_WARN_OBJC_ROOT_CLASS = YES_ERROR;
				CLANG_WARN_RANGE_LOOP_ANALYSIS = YES;
				CLANG_WARN_STRICT_PROTOTYPES = YES;
				CLANG_WARN_SUSPICIOUS_MOVE = YES;
				CLANG_WARN_UNGUARDED_AVAILABILITY = YES_AGGRESSIVE;
				CLANG_WARN_UNREACHABLE_CODE = YES;
				CLANG_WARN__DUPLICATE_METHOD_MATCH = YES;
				COPY_PHASE_STRIP = NO;
				DEBUG_INFORMATION_FORMAT = dwarf;
				ENABLE_STRICT_OBJC_MSGSEND = YES;
				ENABLE_TESTABILITY = YES;
				GCC_C_LANGUAGE_STANDARD = gnu11;
				GCC_DYNAMIC_NO_PIC = NO;
				GCC_NO_COMMON_BLOCKS = YES;
				GCC_OPTIMIZATION_LEVEL = 0;
				GCC_PREPROCESSOR_DEFINITIONS = (
					"DEBUG=1",
					"$(inherited)",
				);
				GCC_WARN_64_TO_32_BIT_CONVERSION = YES;
				GCC_WARN_ABOUT_RETURN_TYPE = YES_ERROR;
				GCC_WARN_UNDECLARED_SELECTOR = YES;
				GCC_WARN_UNINITIALIZED_AUTOS = YES_AGGRESSIVE;
				GCC_WARN_UNUSED_FUNCTION = YES;
				GCC_WARN_UNUSED_VARIABLE = YES;
				IPHONEOS_DEPLOYMENT_TARGET = 13.5;
				MTL_ENABLE_DEBUG_INFO = INCLUDE_SOURCE;
				MTL_FAST_MATH = YES;
				ONLY_ACTIVE_ARCH = YES;
				SDKROOT = iphoneos;
				SWIFT_ACTIVE_COMPILATION_CONDITIONS = DEBUG;
				SWIFT_OPTIMIZATION_LEVEL = "-Onone";
			};
			name = Debug;
		};
		170BB8C42483FFA500C4C079 /* Release */ = {
			isa = XCBuildConfiguration;
			buildSettings = {
				ALWAYS_SEARCH_USER_PATHS = NO;
				CLANG_ANALYZER_NONNULL = YES;
				CLANG_ANALYZER_NUMBER_OBJECT_CONVERSION = YES_AGGRESSIVE;
				CLANG_CXX_LANGUAGE_STANDARD = "gnu++14";
				CLANG_CXX_LIBRARY = "libc++";
				CLANG_ENABLE_MODULES = YES;
				CLANG_ENABLE_OBJC_ARC = YES;
				CLANG_ENABLE_OBJC_WEAK = YES;
				CLANG_WARN_BLOCK_CAPTURE_AUTORELEASING = YES;
				CLANG_WARN_BOOL_CONVERSION = YES;
				CLANG_WARN_COMMA = YES;
				CLANG_WARN_CONSTANT_CONVERSION = YES;
				CLANG_WARN_DEPRECATED_OBJC_IMPLEMENTATIONS = YES;
				CLANG_WARN_DIRECT_OBJC_ISA_USAGE = YES_ERROR;
				CLANG_WARN_DOCUMENTATION_COMMENTS = YES;
				CLANG_WARN_EMPTY_BODY = YES;
				CLANG_WARN_ENUM_CONVERSION = YES;
				CLANG_WARN_INFINITE_RECURSION = YES;
				CLANG_WARN_INT_CONVERSION = YES;
				CLANG_WARN_NON_LITERAL_NULL_CONVERSION = YES;
				CLANG_WARN_OBJC_IMPLICIT_RETAIN_SELF = YES;
				CLANG_WARN_OBJC_LITERAL_CONVERSION = YES;
				CLANG_WARN_OBJC_ROOT_CLASS = YES_ERROR;
				CLANG_WARN_RANGE_LOOP_ANALYSIS = YES;
				CLANG_WARN_STRICT_PROTOTYPES = YES;
				CLANG_WARN_SUSPICIOUS_MOVE = YES;
				CLANG_WARN_UNGUARDED_AVAILABILITY = YES_AGGRESSIVE;
				CLANG_WARN_UNREACHABLE_CODE = YES;
				CLANG_WARN__DUPLICATE_METHOD_MATCH = YES;
				COPY_PHASE_STRIP = NO;
				DEBUG_INFORMATION_FORMAT = "dwarf-with-dsym";
				ENABLE_NS_ASSERTIONS = NO;
				ENABLE_STRICT_OBJC_MSGSEND = YES;
				GCC_C_LANGUAGE_STANDARD = gnu11;
				GCC_NO_COMMON_BLOCKS = YES;
				GCC_WARN_64_TO_32_BIT_CONVERSION = YES;
				GCC_WARN_ABOUT_RETURN_TYPE = YES_ERROR;
				GCC_WARN_UNDECLARED_SELECTOR = YES;
				GCC_WARN_UNINITIALIZED_AUTOS = YES_AGGRESSIVE;
				GCC_WARN_UNUSED_FUNCTION = YES;
				GCC_WARN_UNUSED_VARIABLE = YES;
				IPHONEOS_DEPLOYMENT_TARGET = 13.5;
				MTL_ENABLE_DEBUG_INFO = NO;
				MTL_FAST_MATH = YES;
				SDKROOT = iphoneos;
				SWIFT_COMPILATION_MODE = wholemodule;
				SWIFT_OPTIMIZATION_LEVEL = "-O";
				VALIDATE_PRODUCT = YES;
			};
			name = Release;
		};
		170BB8C62483FFA500C4C079 /* Debug */ = {
			isa = XCBuildConfiguration;
			baseConfigurationReference = D4EDA1B6AE76A34DCA446711 /* Pods-EstRougeAssignment.debug.xcconfig */;
			buildSettings = {
				ASSETCATALOG_COMPILER_APPICON_NAME = AppIcon;
				CODE_SIGN_STYLE = Automatic;
				DEVELOPMENT_TEAM = 2G5WM4GA2H;
				INFOPLIST_FILE = EstRougeAssignment/Info.plist;
				LD_RUNPATH_SEARCH_PATHS = (
					"$(inherited)",
					"@executable_path/Frameworks",
				);
				PRODUCT_BUNDLE_IDENTIFIER = com.huytong.EstRougeAssignment;
				PRODUCT_NAME = "$(TARGET_NAME)";
				SWIFT_VERSION = 5.0;
				TARGETED_DEVICE_FAMILY = "1,2";
			};
			name = Debug;
		};
		170BB8C72483FFA500C4C079 /* Release */ = {
			isa = XCBuildConfiguration;
			baseConfigurationReference = 171BCC71FAC303BAF072C95A /* Pods-EstRougeAssignment.release.xcconfig */;
			buildSettings = {
				ASSETCATALOG_COMPILER_APPICON_NAME = AppIcon;
				CODE_SIGN_STYLE = Automatic;
				DEVELOPMENT_TEAM = 2G5WM4GA2H;
				INFOPLIST_FILE = EstRougeAssignment/Info.plist;
				LD_RUNPATH_SEARCH_PATHS = (
					"$(inherited)",
					"@executable_path/Frameworks",
				);
				PRODUCT_BUNDLE_IDENTIFIER = com.huytong.EstRougeAssignment;
				PRODUCT_NAME = "$(TARGET_NAME)";
				SWIFT_VERSION = 5.0;
				TARGETED_DEVICE_FAMILY = "1,2";
			};
			name = Release;
		};
		170BB8C92483FFA500C4C079 /* Debug */ = {
			isa = XCBuildConfiguration;
			baseConfigurationReference = 9C8B5C9CCA4627F8DCB9FBF2 /* Pods-EstRougeAssignmentTests.debug.xcconfig */;
			buildSettings = {
				ALWAYS_EMBED_SWIFT_STANDARD_LIBRARIES = YES;
				BUNDLE_LOADER = "$(TEST_HOST)";
				CODE_SIGN_STYLE = Automatic;
				DEVELOPMENT_TEAM = 2G5WM4GA2H;
				INFOPLIST_FILE = EstRougeAssignmentTests/Info.plist;
				IPHONEOS_DEPLOYMENT_TARGET = 13.5;
				LD_RUNPATH_SEARCH_PATHS = (
					"$(inherited)",
					"@executable_path/Frameworks",
					"@loader_path/Frameworks",
				);
				PRODUCT_BUNDLE_IDENTIFIER = com.huytong.EstRougeAssignmentTests;
				PRODUCT_NAME = "$(TARGET_NAME)";
				SWIFT_VERSION = 5.0;
				TARGETED_DEVICE_FAMILY = "1,2";
				TEST_HOST = "$(BUILT_PRODUCTS_DIR)/EstRougeAssignment.app/EstRougeAssignment";
			};
			name = Debug;
		};
		170BB8CA2483FFA500C4C079 /* Release */ = {
			isa = XCBuildConfiguration;
			baseConfigurationReference = C0B7F85DD9B134C74867F7BD /* Pods-EstRougeAssignmentTests.release.xcconfig */;
			buildSettings = {
				ALWAYS_EMBED_SWIFT_STANDARD_LIBRARIES = YES;
				BUNDLE_LOADER = "$(TEST_HOST)";
				CODE_SIGN_STYLE = Automatic;
				DEVELOPMENT_TEAM = 2G5WM4GA2H;
				INFOPLIST_FILE = EstRougeAssignmentTests/Info.plist;
				IPHONEOS_DEPLOYMENT_TARGET = 13.5;
				LD_RUNPATH_SEARCH_PATHS = (
					"$(inherited)",
					"@executable_path/Frameworks",
					"@loader_path/Frameworks",
				);
				PRODUCT_BUNDLE_IDENTIFIER = com.huytong.EstRougeAssignmentTests;
				PRODUCT_NAME = "$(TARGET_NAME)";
				SWIFT_VERSION = 5.0;
				TARGETED_DEVICE_FAMILY = "1,2";
				TEST_HOST = "$(BUILT_PRODUCTS_DIR)/EstRougeAssignment.app/EstRougeAssignment";
			};
			name = Release;
		};
/* End XCBuildConfiguration section */

/* Begin XCConfigurationList section */
		170BB8A12483FFA300C4C079 /* Build configuration list for PBXProject "EstRougeAssignment" */ = {
			isa = XCConfigurationList;
			buildConfigurations = (
				170BB8C32483FFA500C4C079 /* Debug */,
				170BB8C42483FFA500C4C079 /* Release */,
			);
			defaultConfigurationIsVisible = 0;
			defaultConfigurationName = Release;
		};
		170BB8C52483FFA500C4C079 /* Build configuration list for PBXNativeTarget "EstRougeAssignment" */ = {
			isa = XCConfigurationList;
			buildConfigurations = (
				170BB8C62483FFA500C4C079 /* Debug */,
				170BB8C72483FFA500C4C079 /* Release */,
			);
			defaultConfigurationIsVisible = 0;
			defaultConfigurationName = Release;
		};
		170BB8C82483FFA500C4C079 /* Build configuration list for PBXNativeTarget "EstRougeAssignmentTests" */ = {
			isa = XCConfigurationList;
			buildConfigurations = (
				170BB8C92483FFA500C4C079 /* Debug */,
				170BB8CA2483FFA500C4C079 /* Release */,
			);
			defaultConfigurationIsVisible = 0;
			defaultConfigurationName = Release;
		};
/* End XCConfigurationList section */
	};
	rootObject = 170BB89E2483FFA300C4C079 /* Project object */;
}
